
Microsoft Visual Studio Solution File, Format Version 12.00
# Visual Studio Version 17
VisualStudioVersion = 17.8.34330.188
MinimumVisualStudioVersion = 10.0.40219.1
Project("{FAE04EC0-301F-11D3-BF4B-00C04F79EFBC}") = "Magazzino", "Magazzino\Magazzino.csproj", "{4037C51D-8746-4DFA-86FA-01BD854946B7}"
EndProject
Project("{FAE04EC0-301F-11D3-BF4B-00C04F79EFBC}") = "Store", "Store\Store.csproj", "{B653C750-0B0A-4696-9AAC-2951C276DD2E}"
EndProject
Global
	GlobalSection(SolutionConfigurationPlatforms) = preSolution
		Debug|Any CPU = Debug|Any CPU
		Release|Any CPU = Release|Any CPU
	EndGlobalSection
	GlobalSection(ProjectConfigurationPlatforms) = postSolution
		{4037C51D-8746-4DFA-86FA-01BD854946B7}.Debug|Any CPU.ActiveCfg = Debug|Any CPU
		{4037C51D-8746-4DFA-86FA-01BD854946B7}.Debug|Any CPU.Build.0 = Debug|Any CPU
		{4037C51D-8746-4DFA-86FA-01BD854946B7}.Release|Any CPU.ActiveCfg = Release|Any CPU
		{4037C51D-8746-4DFA-86FA-01BD854946B7}.Release|Any CPU.Build.0 = Release|Any CPU
		{B653C750-0B0A-4696-9AAC-2951C276DD2E}.Debug|Any CPU.ActiveCfg = Debug|Any CPU
		{B653C750-0B0A-4696-9AAC-2951C276DD2E}.Debug|Any CPU.Build.0 = Debug|Any CPU
		{B653C750-0B0A-4696-9AAC-2951C276DD2E}.Release|Any CPU.ActiveCfg = Release|Any CPU
		{B653C750-0B0A-4696-9AAC-2951C276DD2E}.Release|Any CPU.Build.0 = Release|Any CPU
		{6F3B3CDA-50B7-485F-98A6-B8D486B59A9A}.Debug|Any CPU.ActiveCfg = Debug|Any CPU
		{6F3B3CDA-50B7-485F-98A6-B8D486B59A9A}.Debug|Any CPU.Build.0 = Debug|Any CPU
		{6F3B3CDA-50B7-485F-98A6-B8D486B59A9A}.Release|Any CPU.ActiveCfg = Release|Any CPU
		{6F3B3CDA-50B7-485F-98A6-B8D486B59A9A}.Release|Any CPU.Build.0 = Release|Any CPU
		{5393627B-3D28-4FF5-81DD-AB24C22D684D}.Debug|Any CPU.ActiveCfg = Debug|Any CPU
		{5393627B-3D28-4FF5-81DD-AB24C22D684D}.Debug|Any CPU.Build.0 = Debug|Any CPU
		{5393627B-3D28-4FF5-81DD-AB24C22D684D}.Release|Any CPU.ActiveCfg = Release|Any CPU
		{5393627B-3D28-4FF5-81DD-AB24C22D684D}.Release|Any CPU.Build.0 = Release|Any CPU
	EndGlobalSection
	GlobalSection(SolutionProperties) = preSolution
		HideSolutionNode = FALSE
	EndGlobalSection
	GlobalSection(ExtensibilityGlobals) = postSolution
		SolutionGuid = {A5BA94A1-781B-4AC7-A040-903A3196AA3C}
	EndGlobalSection
EndGlobal
